
Microsoft Visual Studio Solution File, Format Version 12.00
# Visual Studio Version 17
VisualStudioVersion = 17.14.36811.4
MinimumVisualStudioVersion = 10.0.40219.1
Project("{FAE04EC0-301F-11D3-BF4B-00C04F79EFBC}") = "MediaCollection.API", "MediaCollection.API.csproj", "{1E33673B-A355-4441-81BC-3EEBFF7D43F6}"
EndProject
Project("{FAE04EC0-301F-11D3-BF4B-00C04F79EFBC}") = "MediaCollection.Core", "..\MediaCollection.Core\MediaCollection.Core.csproj", "{24603897-9F85-4714-9D46-053E6ACC6067}"
EndProject
Project("{FAE04EC0-301F-11D3-BF4B-00C04F79EFBC}") = "MediaCollection.Data", "..\MediaCollection.Data\MediaCollection.Data.csproj", "{BD1D1859-877D-4C7E-AF99-F61D6FCF3AAD}"
EndProject
Global
	GlobalSection(SolutionConfigurationPlatforms) = preSolution
		Debug|Any CPU = Debug|Any CPU
		Release|Any CPU = Release|Any CPU
	EndGlobalSection
	GlobalSection(ProjectConfigurationPlatforms) = postSolution
		{1E33673B-A355-4441-81BC-3EEBFF7D43F6}.Debug|Any CPU.ActiveCfg = Debug|Any CPU
		{1E33673B-A355-4441-81BC-3EEBFF7D43F6}.Debug|Any CPU.Build.0 = Debug|Any CPU
		{1E33673B-A355-4441-81BC-3EEBFF7D43F6}.Release|Any CPU.ActiveCfg = Release|Any CPU
		{1E33673B-A355-4441-81BC-3EEBFF7D43F6}.Release|Any CPU.Build.0 = Release|Any CPU
		{24603897-9F85-4714-9D46-053E6ACC6067}.Debug|Any CPU.ActiveCfg = Debug|Any CPU
		{24603897-9F85-4714-9D46-053E6ACC6067}.Debug|Any CPU.Build.0 = Debug|Any CPU
		{24603897-9F85-4714-9D46-053E6ACC6067}.Release|Any CPU.ActiveCfg = Release|Any CPU
		{24603897-9F85-4714-9D46-053E6ACC6067}.Release|Any CPU.Build.0 = Release|Any CPU
		{BD1D1859-877D-4C7E-AF99-F61D6FCF3AAD}.Debug|Any CPU.ActiveCfg = Debug|Any CPU
		{BD1D1859-877D-4C7E-AF99-F61D6FCF3AAD}.Debug|Any CPU.Build.0 = Debug|Any CPU
		{BD1D1859-877D-4C7E-AF99-F61D6FCF3AAD}.Release|Any CPU.ActiveCfg = Release|Any CPU
		{BD1D1859-877D-4C7E-AF99-F61D6FCF3AAD}.Release|Any CPU.Build.0 = Release|Any CPU
	EndGlobalSection
	GlobalSection(SolutionProperties) = preSolution
		HideSolutionNode = FALSE
	EndGlobalSection
	GlobalSection(ExtensibilityGlobals) = postSolution
		SolutionGuid = {E4264ED0-B870-4C27-8D7A-FC74BC18D168}
	EndGlobalSection
EndGlobal
